
Microsoft Visual Studio Solution File, Format Version 12.00
# Visual Studio Version 16
VisualStudioVersion = 16.0.29318.209
MinimumVisualStudioVersion = 10.0.40219.1
Project("{FAE04EC0-301F-11D3-BF4B-00C04F79EFBC}") = "SoftwareSuite", "SoftwareSuite\SoftwareSuite.csproj", "{EFBFF63E-3166-42AF-A470-18214BDC6121}"
EndProject
Project("{2150E333-8FDC-42A3-9474-1A3956D46DE8}") = "Solution Items", "Solution Items", "{AE96C51E-BFE3-45C7-BBD0-2CF1247A51B2}"
	ProjectSection(SolutionItems) = preProject
		.editorconfig = .editorconfig
		.gitignore = .gitignore
		.gitlab-ci.yml = .gitlab-ci.yml
	EndProjectSection
EndProject
Global
	GlobalSection(SolutionConfigurationPlatforms) = preSolution
		Debug|Any CPU = Debug|Any CPU
		Production|Any CPU = Production|Any CPU
		Release|Any CPU = Release|Any CPU
	EndGlobalSection
	GlobalSection(ProjectConfigurationPlatforms) = postSolution
		{EFBFF63E-3166-42AF-A470-18214BDC6121}.Debug|Any CPU.ActiveCfg = Debug|Any CPU
		{EFBFF63E-3166-42AF-A470-18214BDC6121}.Debug|Any CPU.Build.0 = Debug|Any CPU
		{EFBFF63E-3166-42AF-A470-18214BDC6121}.Production|Any CPU.ActiveCfg = Production|Any CPU
		{EFBFF63E-3166-42AF-A470-18214BDC6121}.Production|Any CPU.Build.0 = Production|Any CPU
		{EFBFF63E-3166-42AF-A470-18214BDC6121}.Release|Any CPU.ActiveCfg = Release|Any CPU
		{EFBFF63E-3166-42AF-A470-18214BDC6121}.Release|Any CPU.Build.0 = Release|Any CPU
	EndGlobalSection
	GlobalSection(SolutionProperties) = preSolution
		HideSolutionNode = FALSE
	EndGlobalSection
	GlobalSection(ExtensibilityGlobals) = postSolution
		SolutionGuid = {DBA6374E-13D3-428B-B8FB-4008E3F479BD}
	EndGlobalSection
EndGlobal
